
Microsoft Visual Studio Solution File, Format Version 12.00
# Visual Studio Version 16
VisualStudioVersion = 16.0.30128.74
MinimumVisualStudioVersion = 10.0.40219.1
Project("{FAE04EC0-301F-11D3-BF4B-00C04F79EFBC}") = "BookStore-API", "BookStore-API\BookStore-API.csproj", "{FFD90690-ED36-48F8-B4CC-117147D65369}"
EndProject
Global
	GlobalSection(SolutionConfigurationPlatforms) = preSolution
		Debug|Any CPU = Debug|Any CPU
		Release|Any CPU = Release|Any CPU
	EndGlobalSection
	GlobalSection(ProjectConfigurationPlatforms) = postSolution
		{FFD90690-ED36-48F8-B4CC-117147D65369}.Debug|Any CPU.ActiveCfg = Debug|Any CPU
		{FFD90690-ED36-48F8-B4CC-117147D65369}.Debug|Any CPU.Build.0 = Debug|Any CPU
		{FFD90690-ED36-48F8-B4CC-117147D65369}.Release|Any CPU.ActiveCfg = Release|Any CPU
		{FFD90690-ED36-48F8-B4CC-117147D65369}.Release|Any CPU.Build.0 = Release|Any CPU
	EndGlobalSection
	GlobalSection(SolutionProperties) = preSolution
		HideSolutionNode = FALSE
	EndGlobalSection
	GlobalSection(ExtensibilityGlobals) = postSolution
		SolutionGuid = {725474E3-A97B-4F8E-B701-426A9F11274E}
	EndGlobalSection
EndGlobal
